
Microsoft Visual Studio Solution File, Format Version 12.00
# Visual Studio 15
VisualStudioVersion = 15.0.27130.2024
MinimumVisualStudioVersion = 10.0.40219.1
Project("{FAE04EC0-301F-11D3-BF4B-00C04F79EFBC}") = "DockerWorkshopMVCWebApp", "DockerWorkshopMVCWebApp\DockerWorkshopMVCWebApp.csproj", "{C6C019DE-0B23-4080-92F7-4F1E132A708C}"
EndProject
Global
	GlobalSection(SolutionConfigurationPlatforms) = preSolution
		Debug|Any CPU = Debug|Any CPU
		Release|Any CPU = Release|Any CPU
	EndGlobalSection
	GlobalSection(ProjectConfigurationPlatforms) = postSolution
		{C6C019DE-0B23-4080-92F7-4F1E132A708C}.Debug|Any CPU.ActiveCfg = Debug|Any CPU
		{C6C019DE-0B23-4080-92F7-4F1E132A708C}.Debug|Any CPU.Build.0 = Debug|Any CPU
		{C6C019DE-0B23-4080-92F7-4F1E132A708C}.Release|Any CPU.ActiveCfg = Release|Any CPU
		{C6C019DE-0B23-4080-92F7-4F1E132A708C}.Release|Any CPU.Build.0 = Release|Any CPU
	EndGlobalSection
	GlobalSection(SolutionProperties) = preSolution
		HideSolutionNode = FALSE
	EndGlobalSection
	GlobalSection(ExtensibilityGlobals) = postSolution
		SolutionGuid = {39828098-787F-4C9A-BEEB-2A57EA680A93}
	EndGlobalSection
EndGlobal
